
Microsoft Visual Studio Solution File, Format Version 12.00
# Visual Studio Version 16
VisualStudioVersion = 16.0.30611.23
MinimumVisualStudioVersion = 10.0.40219.1
Project("{2150E333-8FDC-42A3-9474-1A3956D46DE8}") = "PersonService", "PersonService", "{30C2D7CF-258D-459E-A1DB-68ACB6C97515}"
EndProject
Project("{9A19103F-16F7-4668-BE54-9A1E7A4F7556}") = "Person.API", "PersonService\Person.API\Person.API.csproj", "{E5527E66-ED38-4369-89B5-9F4F2862CCD5}"
EndProject
Project("{2150E333-8FDC-42A3-9474-1A3956D46DE8}") = "ContactService", "ContactService", "{1EE42365-D919-4088-A905-1495413E4A56}"
EndProject
Project("{9A19103F-16F7-4668-BE54-9A1E7A4F7556}") = "Contact.API", "ContactService\Contact.API\Contact.API.csproj", "{99BF83F3-4369-4F43-9E77-9952B5D9C19C}"
EndProject
Project("{E53339B2-1760-4266-BCC7-CA923CBCF16C}") = "docker-compose", "docker-compose.dcproj", "{550E489D-4CB2-4A6F-A50A-35DE98DD333B}"
EndProject
Project("{2150E333-8FDC-42A3-9474-1A3956D46DE8}") = "Common", "Common", "{2C2E6050-7CB7-494A-B5FA-AB8B64309330}"
EndProject
Project("{FAE04EC0-301F-11D3-BF4B-00C04F79EFBC}") = "RabbitMQEvent", "Common\RabbitMQEvent\RabbitMQEvent.csproj", "{D0CF79EA-E15A-4C7A-8A95-A3D1C735E571}"
EndProject
Project("{2150E333-8FDC-42A3-9474-1A3956D46DE8}") = "GateWay", "GateWay", "{E28E92EB-A262-4C91-B4A0-62F4FD0E8B91}"
EndProject
Project("{FAE04EC0-301F-11D3-BF4B-00C04F79EFBC}") = "OcelotGateway", "Gateway\OcelotGateway\OcelotGateway.csproj", "{ADC94F13-A464-40B3-89CF-A645C3A87AAB}"
EndProject
Global
	GlobalSection(SolutionConfigurationPlatforms) = preSolution
		Debug|Any CPU = Debug|Any CPU
		Release|Any CPU = Release|Any CPU
	EndGlobalSection
	GlobalSection(ProjectConfigurationPlatforms) = postSolution
		{E5527E66-ED38-4369-89B5-9F4F2862CCD5}.Debug|Any CPU.ActiveCfg = Debug|Any CPU
		{E5527E66-ED38-4369-89B5-9F4F2862CCD5}.Debug|Any CPU.Build.0 = Debug|Any CPU
		{E5527E66-ED38-4369-89B5-9F4F2862CCD5}.Release|Any CPU.ActiveCfg = Release|Any CPU
		{E5527E66-ED38-4369-89B5-9F4F2862CCD5}.Release|Any CPU.Build.0 = Release|Any CPU
		{99BF83F3-4369-4F43-9E77-9952B5D9C19C}.Debug|Any CPU.ActiveCfg = Debug|Any CPU
		{99BF83F3-4369-4F43-9E77-9952B5D9C19C}.Debug|Any CPU.Build.0 = Debug|Any CPU
		{99BF83F3-4369-4F43-9E77-9952B5D9C19C}.Release|Any CPU.ActiveCfg = Release|Any CPU
		{99BF83F3-4369-4F43-9E77-9952B5D9C19C}.Release|Any CPU.Build.0 = Release|Any CPU
		{550E489D-4CB2-4A6F-A50A-35DE98DD333B}.Debug|Any CPU.ActiveCfg = Debug|Any CPU
		{550E489D-4CB2-4A6F-A50A-35DE98DD333B}.Debug|Any CPU.Build.0 = Debug|Any CPU
		{550E489D-4CB2-4A6F-A50A-35DE98DD333B}.Release|Any CPU.ActiveCfg = Release|Any CPU
		{550E489D-4CB2-4A6F-A50A-35DE98DD333B}.Release|Any CPU.Build.0 = Release|Any CPU
		{D0CF79EA-E15A-4C7A-8A95-A3D1C735E571}.Debug|Any CPU.ActiveCfg = Debug|Any CPU
		{D0CF79EA-E15A-4C7A-8A95-A3D1C735E571}.Debug|Any CPU.Build.0 = Debug|Any CPU
		{D0CF79EA-E15A-4C7A-8A95-A3D1C735E571}.Release|Any CPU.ActiveCfg = Release|Any CPU
		{D0CF79EA-E15A-4C7A-8A95-A3D1C735E571}.Release|Any CPU.Build.0 = Release|Any CPU
		{ADC94F13-A464-40B3-89CF-A645C3A87AAB}.Debug|Any CPU.ActiveCfg = Debug|Any CPU
		{ADC94F13-A464-40B3-89CF-A645C3A87AAB}.Debug|Any CPU.Build.0 = Debug|Any CPU
		{ADC94F13-A464-40B3-89CF-A645C3A87AAB}.Release|Any CPU.ActiveCfg = Release|Any CPU
		{ADC94F13-A464-40B3-89CF-A645C3A87AAB}.Release|Any CPU.Build.0 = Release|Any CPU
	EndGlobalSection
	GlobalSection(SolutionProperties) = preSolution
		HideSolutionNode = FALSE
	EndGlobalSection
	GlobalSection(NestedProjects) = preSolution
		{E5527E66-ED38-4369-89B5-9F4F2862CCD5} = {30C2D7CF-258D-459E-A1DB-68ACB6C97515}
		{99BF83F3-4369-4F43-9E77-9952B5D9C19C} = {1EE42365-D919-4088-A905-1495413E4A56}
		{D0CF79EA-E15A-4C7A-8A95-A3D1C735E571} = {2C2E6050-7CB7-494A-B5FA-AB8B64309330}
		{ADC94F13-A464-40B3-89CF-A645C3A87AAB} = {E28E92EB-A262-4C91-B4A0-62F4FD0E8B91}
	EndGlobalSection
	GlobalSection(ExtensibilityGlobals) = postSolution
		SolutionGuid = {F32AD747-1E3C-4C7D-8654-91A7F8E7495D}
	EndGlobalSection
EndGlobal
